github.com/ArthurA14/dog v0.0.0-20231206121907-53bd5e8b378e h1:Rk8UAz6NPzltkHXEc4e7LtcZBJODvCJlunIFQI+yS6E=
github.com/ArthurA14/dog v0.0.0-20231206121907-53bd5e8b378e/go.mod h1:VZvTWHb+0XmuWB+zG7cz05MiiLwTmRzR7cBksZjfg9A=
github.com/ArthurA14/puppy v0.0.0-20231206123314-50e8b21e84c5 h1:AgnQPGI7jFpQJ+ha+dJ7XSDMUy8O4VhGOAsgxxRRh2c=
github.com/ArthurA14/puppy v0.0.0-20231206123314-50e8b21e84c5/go.mod h1:A0xLv5auml40rOVzvB58zYNbSlfLWZmzr9U7NMK5Nfk=
